
Microsoft Visual Studio Solution File, Format Version 12.00
# Visual Studio Version 17
VisualStudioVersion = 17.10.34928.147
MinimumVisualStudioVersion = 10.0.40219.1
Project("{9A19103F-16F7-4668-BE54-9A1E7A4F7556}") = "BT2COM", "BT2COM\BT2COM.csproj", "{4838B5F2-8ED7-4319-80B4-D8A1A24F404A}"
EndProject
Global
	GlobalSection(SolutionConfigurationPlatforms) = preSolution
		Debug|Any CPU = Debug|Any CPU
		Release|Any CPU = Release|Any CPU
	EndGlobalSection
	GlobalSection(ProjectConfigurationPlatforms) = postSolution
		{4838B5F2-8ED7-4319-80B4-D8A1A24F404A}.Debug|Any CPU.ActiveCfg = Debug|Any CPU
		{4838B5F2-8ED7-4319-80B4-D8A1A24F404A}.Debug|Any CPU.Build.0 = Debug|Any CPU
		{4838B5F2-8ED7-4319-80B4-D8A1A24F404A}.Release|Any CPU.ActiveCfg = Release|Any CPU
		{4838B5F2-8ED7-4319-80B4-D8A1A24F404A}.Release|Any CPU.Build.0 = Release|Any CPU
	EndGlobalSection
	GlobalSection(SolutionProperties) = preSolution
		HideSolutionNode = FALSE
	EndGlobalSection
	GlobalSection(ExtensibilityGlobals) = postSolution
		SolutionGuid = {4C14312F-6D4D-4A2D-AA15-C36AC27C3295}
	EndGlobalSection
EndGlobal
